
Microsoft Visual Studio Solution File, Format Version 12.00
# Visual Studio Version 17
VisualStudioVersion = 17.11.35327.3
MinimumVisualStudioVersion = 10.0.40219.1
Project("{FAE04EC0-301F-11D3-BF4B-00C04F79EFBC}") = "Ciot.Sdk", "Ciot.Sdk\Ciot.Sdk.csproj", "{629568A4-31D5-48B3-B917-EF7AFC2ACC13}"
EndProject
Project("{FAE04EC0-301F-11D3-BF4B-00C04F79EFBC}") = "Ciot.Proto", "Ciot.Proto\Ciot.Proto.csproj", "{3FD05F4B-5552-41D1-97E7-6B60C5E90B1E}"
EndProject
Global
	GlobalSection(SolutionConfigurationPlatforms) = preSolution
		Debug|Any CPU = Debug|Any CPU
		Release|Any CPU = Release|Any CPU
	EndGlobalSection
	GlobalSection(ProjectConfigurationPlatforms) = postSolution
		{629568A4-31D5-48B3-B917-EF7AFC2ACC13}.Debug|Any CPU.ActiveCfg = Debug|Any CPU
		{629568A4-31D5-48B3-B917-EF7AFC2ACC13}.Debug|Any CPU.Build.0 = Debug|Any CPU
		{629568A4-31D5-48B3-B917-EF7AFC2ACC13}.Release|Any CPU.ActiveCfg = Release|Any CPU
		{629568A4-31D5-48B3-B917-EF7AFC2ACC13}.Release|Any CPU.Build.0 = Release|Any CPU
		{3FD05F4B-5552-41D1-97E7-6B60C5E90B1E}.Debug|Any CPU.ActiveCfg = Debug|Any CPU
		{3FD05F4B-5552-41D1-97E7-6B60C5E90B1E}.Debug|Any CPU.Build.0 = Debug|Any CPU
		{3FD05F4B-5552-41D1-97E7-6B60C5E90B1E}.Release|Any CPU.ActiveCfg = Release|Any CPU
		{3FD05F4B-5552-41D1-97E7-6B60C5E90B1E}.Release|Any CPU.Build.0 = Release|Any CPU
	EndGlobalSection
	GlobalSection(SolutionProperties) = preSolution
		HideSolutionNode = FALSE
	EndGlobalSection
	GlobalSection(ExtensibilityGlobals) = postSolution
		SolutionGuid = {EFC2B927-3B34-40D5-9C51-E0455538D2D2}
	EndGlobalSection
EndGlobal
